<Solution>
  <Configurations>
    <Platform Name="ARM64" />
    <Platform Name="x64" />
  </Configurations>
  <Project Path="GameLogic/GameLogic.vcxproj" Id="3e429795-659b-4c9e-8732-3e3cadc9352e" />
  <Project Path="NeuronClient/NeuronClient.vcxproj" Id="fc22e734-574b-40ad-9ddb-817414cb3610" />
  <Project Path="NeuronCore/NeuronCore.vcxproj" Id="1f4dcebf-ece5-4714-88e9-64a8271dc522" />
  <Project Path="NeuronServer/NeuronServer.vcxproj" Id="9e126836-851d-4722-b53c-4a456964d53a" />
  <Project Path="Server/Server.vcxproj" Id="0361b176-1c38-4117-bc0f-3f12efa8c389" />
  <Project Path="Species/Species.vcxproj" Id="f62a3df8-f39f-465f-81b5-26dcb8e2d510" />
</Solution>
