<?xml version="1.0" encoding="utf-8"?>
<Project ToolsVersion="4.0" xmlns="http://schemas.microsoft.com/developer/msbuild/2003">
  <ItemGroup>
    <Filter Include="Network">
      <UniqueIdentifier>{865ab9d4-1452-4f35-820e-9c6ac79bbb10}</UniqueIdentifier>
    </Filter>
    <Filter Include="NetLib">
      <UniqueIdentifier>{cbcfdef4-992e-4d96-8219-917f58565848}</UniqueIdentifier>
    </Filter>
  </ItemGroup>
  <ItemGroup>
    <ClCompile Include="TeamControls.cpp" />
    <ClCompile Include="Plane.cpp" />
    <ClCompile Include="Random.cpp" />
    <ClCompile Include="HiResTime.cpp" />
    <ClCompile Include="MathUtils.cpp" />
    <ClCompile Include="Matrix33.cpp" />
    <ClCompile Include="Matrix34.cpp" />
    <ClCompile Include="Profiler.cpp" />
    <ClCompile Include="Vector2.cpp" />
    <ClCompile Include="Vector3.cpp" />
    <ClCompile Include="ClientToServer.cpp">
      <Filter>Network</Filter>
    </ClCompile>
    <ClCompile Include="Generic.cpp">
      <Filter>Network</Filter>
    </ClCompile>
    <ClCompile Include="NetworkUpdate.cpp">
      <Filter>Network</Filter>
    </ClCompile>
    <ClCompile Include="Server.cpp">
      <Filter>Network</Filter>
    </ClCompile>
    <ClCompile Include="ServerToClient.cpp">
      <Filter>Network</Filter>
    </ClCompile>
    <ClCompile Include="ServerToClientLetter.cpp">
      <Filter>Network</Filter>
    </ClCompile>
    <ClCompile Include="NetLib.cpp">
      <Filter>NetLib</Filter>
    </ClCompile>
    <ClCompile Include="NetMutexWin32.cpp">
      <Filter>NetLib</Filter>
    </ClCompile>
    <ClCompile Include="NetSocket.cpp">
      <Filter>NetLib</Filter>
    </ClCompile>
    <ClCompile Include="NetSocketListener.cpp">
      <Filter>NetLib</Filter>
    </ClCompile>
    <ClCompile Include="NetThreadWin32.cpp">
      <Filter>NetLib</Filter>
    </ClCompile>
    <ClCompile Include="NetUdpPacket.cpp">
      <Filter>NetLib</Filter>
    </ClCompile>
    <ClCompile Include="pch.cpp" />
    <ClCompile Include="FileSys.cpp" />
  </ItemGroup>
  <ItemGroup>
    <ClInclude Include="NetworkSinks.h" />
    <ClInclude Include="ProtocolLimits.h" />
    <ClInclude Include="TeamControls.h" />
    <ClInclude Include="Plane.h" />
    <ClInclude Include="Random.h" />
    <ClInclude Include="SortingHashTable.h" />
    <ClInclude Include="2dArray.h" />
    <ClInclude Include="AutoVector.h" />
    <ClInclude Include="BTree.h" />
    <ClInclude Include="BoundedArray.h" />
    <ClInclude Include="DArray.h" />
    <ClInclude Include="FastDArray.h" />
    <ClInclude Include="HashTable.h" />
    <ClInclude Include="HiResTime.h" />
    <ClInclude Include="LList.h" />
    <ClInclude Include="MathUtils.h" />
    <ClInclude Include="Matrix33.h" />
    <ClInclude Include="Matrix34.h" />
    <ClInclude Include="Profiler.h" />
    <ClInclude Include="SliceDArray.h" />
    <ClInclude Include="Vector2.h" />
    <ClInclude Include="Vector3.h" />
    <ClInclude Include="ByteStream.h">
      <Filter>Network</Filter>
    </ClInclude>
    <ClInclude Include="ClientToServer.h">
      <Filter>Network</Filter>
    </ClInclude>
    <ClInclude Include="Generic.h">
      <Filter>Network</Filter>
    </ClInclude>
    <ClInclude Include="NetworkUpdate.h">
      <Filter>Network</Filter>
    </ClInclude>
    <ClInclude Include="NetworkUpdate.inc">
      <Filter>Network</Filter>
    </ClInclude>
    <ClInclude Include="Server.h">
      <Filter>Network</Filter>
    </ClInclude>
    <ClInclude Include="ServerToClient.h">
      <Filter>Network</Filter>
    </ClInclude>
    <ClInclude Include="ServerToClientLetter.h">
      <Filter>Network</Filter>
    </ClInclude>
    <ClInclude Include="NetLib.h">
      <Filter>NetLib</Filter>
    </ClInclude>
    <ClInclude Include="NetLibApple.h">
      <Filter>NetLib</Filter>
    </ClInclude>
    <ClInclude Include="NetLibWin32.h">
      <Filter>NetLib</Filter>
    </ClInclude>
    <ClInclude Include="NetMutex.h">
      <Filter>NetLib</Filter>
    </ClInclude>
    <ClInclude Include="NetSocket.h">
      <Filter>NetLib</Filter>
    </ClInclude>
    <ClInclude Include="NetSocketListener.h">
      <Filter>NetLib</Filter>
    </ClInclude>
    <ClInclude Include="NetThread.h">
      <Filter>NetLib</Filter>
    </ClInclude>
    <ClInclude Include="NetUdpPacket.h">
      <Filter>NetLib</Filter>
    </ClInclude>
    <ClInclude Include="pch.h" />
    <ClInclude Include="NeuronCore.h" />
    <ClInclude Include="Debug.h" />
    <ClInclude Include="FileSys.h" />
    <ClInclude Include="NeuronHelper.h" />
  </ItemGroup>
</Project>