<?xml version="1.0" encoding="utf-8"?>
<Project ToolsVersion="4.0" xmlns="http://schemas.microsoft.com/developer/msbuild/2003">
  <ItemGroup>
    <Filter Include="Network">
      <UniqueIdentifier>{865ab9d4-1452-4f35-820e-9c6ac79bbb10}</UniqueIdentifier>
    </Filter>
    <Filter Include="NetLib">
      <UniqueIdentifier>{cbcfdef4-992e-4d96-8219-917f58565848}</UniqueIdentifier>
    </Filter>
    <Filter Include="GameMath">
      <UniqueIdentifier>{75733e07-9db7-431f-8332-5e463a7f438b}</UniqueIdentifier>
    </Filter>
    <Filter Include="Legacy Containers">
      <UniqueIdentifier>{7f288c1a-fe6a-44a2-a563-6c50be718807}</UniqueIdentifier>
    </Filter>
  </ItemGroup>
  <ItemGroup>
    <ClCompile Include="Random.cpp" />
    <ClCompile Include="HiResTime.cpp" />
    <ClCompile Include="Preferences.cpp" />
    <ClCompile Include="Profiler.cpp" />
    <ClCompile Include="Generic.cpp">
      <Filter>Network</Filter>
    </ClCompile>
    <ClCompile Include="NetworkUpdate.cpp">
      <Filter>Network</Filter>
    </ClCompile>
    <ClCompile Include="ServerToClientLetter.cpp">
      <Filter>Network</Filter>
    </ClCompile>
    <ClCompile Include="NetLib.cpp">
      <Filter>NetLib</Filter>
    </ClCompile>
    <ClCompile Include="NetMutexWin32.cpp">
      <Filter>NetLib</Filter>
    </ClCompile>
    <ClCompile Include="NetSocket.cpp">
      <Filter>NetLib</Filter>
    </ClCompile>
    <ClCompile Include="NetSocketListener.cpp">
      <Filter>NetLib</Filter>
    </ClCompile>
    <ClCompile Include="NetThreadWin32.cpp">
      <Filter>NetLib</Filter>
    </ClCompile>
    <ClCompile Include="NetUdpPacket.cpp">
      <Filter>NetLib</Filter>
    </ClCompile>
    <ClCompile Include="pch.cpp" />
    <ClCompile Include="FileSys.cpp" />
    <ClCompile Include="MathUtils.cpp">
      <Filter>GameMath</Filter>
    </ClCompile>
    <ClCompile Include="Matrix33.cpp">
      <Filter>GameMath</Filter>
    </ClCompile>
    <ClCompile Include="Matrix34.cpp">
      <Filter>GameMath</Filter>
    </ClCompile>
    <ClCompile Include="Plane.cpp">
      <Filter>GameMath</Filter>
    </ClCompile>
    <ClCompile Include="Vector2.cpp">
      <Filter>GameMath</Filter>
    </ClCompile>
    <ClCompile Include="Vector3.cpp">
      <Filter>GameMath</Filter>
    </ClCompile>
    <ClCompile Include="TeamControls.cpp">
      <Filter>Network</Filter>
    </ClCompile>
  </ItemGroup>
  <ItemGroup>
    <ClInclude Include="Random.h" />
    <ClInclude Include="2dArray.h" />
    <ClInclude Include="AutoVector.h" />
    <ClInclude Include="HiResTime.h" />
    <ClInclude Include="Preferences.h" />
    <ClInclude Include="Profiler.h" />
    <ClInclude Include="ByteStream.h">
      <Filter>Network</Filter>
    </ClInclude>
    <ClInclude Include="Generic.h">
      <Filter>Network</Filter>
    </ClInclude>
    <ClInclude Include="NetworkUpdate.h">
      <Filter>Network</Filter>
    </ClInclude>
    <ClInclude Include="NetworkUpdate.inc">
      <Filter>Network</Filter>
    </ClInclude>
    <ClInclude Include="ServerToClientLetter.h">
      <Filter>Network</Filter>
    </ClInclude>
    <ClInclude Include="NetLib.h">
      <Filter>NetLib</Filter>
    </ClInclude>
    <ClInclude Include="NetLibApple.h">
      <Filter>NetLib</Filter>
    </ClInclude>
    <ClInclude Include="NetLibWin32.h">
      <Filter>NetLib</Filter>
    </ClInclude>
    <ClInclude Include="NetMutex.h">
      <Filter>NetLib</Filter>
    </ClInclude>
    <ClInclude Include="NetSocket.h">
      <Filter>NetLib</Filter>
    </ClInclude>
    <ClInclude Include="NetSocketListener.h">
      <Filter>NetLib</Filter>
    </ClInclude>
    <ClInclude Include="NetThread.h">
      <Filter>NetLib</Filter>
    </ClInclude>
    <ClInclude Include="NetUdpPacket.h">
      <Filter>NetLib</Filter>
    </ClInclude>
    <ClInclude Include="pch.h" />
    <ClInclude Include="NeuronCore.h" />
    <ClInclude Include="LookupTable.h" />
    <ClInclude Include="SlotMap.h" />
    <ClInclude Include="Debug.h" />
    <ClInclude Include="FileSys.h" />
    <ClInclude Include="NeuronHelper.h" />
    <ClInclude Include="MathUtils.h">
      <Filter>GameMath</Filter>
    </ClInclude>
    <ClInclude Include="Matrix33.h">
      <Filter>GameMath</Filter>
    </ClInclude>
    <ClInclude Include="Matrix34.h">
      <Filter>GameMath</Filter>
    </ClInclude>
    <ClInclude Include="Plane.h">
      <Filter>GameMath</Filter>
    </ClInclude>
    <ClInclude Include="Vector2.h">
      <Filter>GameMath</Filter>
    </ClInclude>
    <ClInclude Include="Vector3.h">
      <Filter>GameMath</Filter>
    </ClInclude>
    <ClInclude Include="BoundedArray.h">
      <Filter>Legacy Containers</Filter>
    </ClInclude>
    <ClInclude Include="BTree.h">
      <Filter>Legacy Containers</Filter>
    </ClInclude>
    <ClInclude Include="DArray.h">
      <Filter>Legacy Containers</Filter>
    </ClInclude>
    <ClInclude Include="FastDArray.h">
      <Filter>Legacy Containers</Filter>
    </ClInclude>
    <ClInclude Include="HashTable.h">
      <Filter>Legacy Containers</Filter>
    </ClInclude>
    <ClInclude Include="LList.h">
      <Filter>Legacy Containers</Filter>
    </ClInclude>
    <ClInclude Include="SliceDArray.h">
      <Filter>Legacy Containers</Filter>
    </ClInclude>
    <ClInclude Include="SortingHashTable.h">
      <Filter>Legacy Containers</Filter>
    </ClInclude>
    <ClInclude Include="ProtocolLimits.h">
      <Filter>Network</Filter>
    </ClInclude>
    <ClInclude Include="TeamControls.h">
      <Filter>Network</Filter>
    </ClInclude>
  </ItemGroup>
</Project>