<?xml version="1.0" encoding="utf-8"?>
<Project ToolsVersion="4.0" xmlns="http://schemas.microsoft.com/developer/msbuild/2003">
  <ItemGroup>
    <ClCompile Include="3dSierpinskiGasket.cpp" />
    <ClCompile Include="App.cpp" />
    <ClCompile Include="Attract.cpp" />
    <ClCompile Include="Camera.cpp" />
    <ClCompile Include="Clouds.cpp" />
    <ClCompile Include="ControlHelp.cpp" />
    <ClCompile Include="Deform.cpp" />
    <ClCompile Include="EntityGrid.cpp" />
    <ClCompile Include="Explosion.cpp" />
    <ClCompile Include="GameMenu.cpp" />
    <ClCompile Include="GameCursor.cpp" />
    <ClCompile Include="GlobalInternet.cpp" />
    <ClCompile Include="GlobalWorld.cpp" />
    <ClCompile Include="KeyGen.cpp" />
    <ClCompile Include="Landscape.cpp" />
    <ClCompile Include="LandscapeRenderer.cpp" />
    <ClCompile Include="LevelFile.cpp" />
    <ClCompile Include="Location.cpp" />
    <ClCompile Include="LocationEditor.cpp" />
    <ClCompile Include="LocationInput.cpp" />
    <ClCompile Include="Main.cpp" />
    <ClCompile Include="ObstructionGrid.cpp" />
    <ClCompile Include="ParticleSystem.cpp" />
    <ClCompile Include="Renderer.cpp" />
    <ClCompile Include="RoutingSystem.cpp" />
    <ClCompile Include="Script.cpp" />
    <ClCompile Include="StartSequence.cpp" />
    <ClCompile Include="TaskManager.cpp" />
    <ClCompile Include="TaskManagerInterface.cpp" />
    <ClCompile Include="TaskManagerInterfaceIcons.cpp" />
    <ClCompile Include="Team.cpp" />
    <ClCompile Include="TestHarness.cpp" />
    <ClCompile Include="Unit.cpp" />
    <ClCompile Include="UserInput.cpp" />
    <ClCompile Include="Water.cpp" />
    <ClCompile Include="pch.cpp" />
  </ItemGroup>
  <ItemGroup>
    <ClInclude Include="3dSierpinskiGasket.h" />
    <ClInclude Include="App.h" />
    <ClInclude Include="Attract.h" />
    <ClInclude Include="Camera.h" />
    <ClInclude Include="Clouds.h" />
    <ClInclude Include="ControlHelp.h" />
    <ClInclude Include="Deform.h" />
    <ClInclude Include="EntityGrid.h" />
    <ClInclude Include="Explosion.h" />
    <ClInclude Include="GameMenu.h" />
    <ClInclude Include="GameCursor.h" />
    <ClInclude Include="GlobalInternet.h" />
    <ClInclude Include="GlobalWorld.h" />
    <ClInclude Include="Globals.h" />
    <ClInclude Include="KeyGen.h" />
    <ClInclude Include="Landscape.h" />
    <ClInclude Include="LandscapeRenderer.h" />
    <ClInclude Include="LevelFile.h" />
    <ClInclude Include="Location.h" />
    <ClInclude Include="LocationEditor.h" />
    <ClInclude Include="LocationInput.h" />
    <ClInclude Include="Main.h" />
    <ClInclude Include="ObstructionGrid.h" />
    <ClInclude Include="ParticleSystem.h" />
    <ClInclude Include="Renderer.h" />
    <ClInclude Include="RoutingSystem.h" />
    <ClInclude Include="Script.h" />
    <ClInclude Include="StartSequence.h" />
    <ClInclude Include="TaskManager.h" />
    <ClInclude Include="TaskManagerInterface.h" />
    <ClInclude Include="TaskManagerInterfaceIcons.h" />
    <ClInclude Include="Team.h" />
    <ClInclude Include="TestHarness.h" />
    <ClInclude Include="Unit.h" />
    <ClInclude Include="UserInput.h" />
    <ClInclude Include="Water.h" />
    <ClInclude Include="pch.h" />
  </ItemGroup>
  <ItemGroup>
    <Filter Include="GameData">
      <UniqueIdentifier>{2fcbbd6a-ae40-440d-8afe-71294b402c8e}</UniqueIdentifier>
    </Filter>
    <Filter Include="GameData\Icons">
      <UniqueIdentifier>{fa14d881-f1ab-4e8c-bf0c-3329cb6bdcf7}</UniqueIdentifier>
    </Filter>
    <Filter Include="GameData\Input">
      <UniqueIdentifier>{eeb62034-ab2b-4f3c-a1fd-68367bc2a634}</UniqueIdentifier>
    </Filter>
    <Filter Include="GameData\Language">
      <UniqueIdentifier>{1ed229e9-e839-4831-9fa9-e1ae913e73a9}</UniqueIdentifier>
    </Filter>
    <Filter Include="GameData\Levels">
      <UniqueIdentifier>{2e0be2eb-454e-4b4a-9d23-8ca74abe00b8}</UniqueIdentifier>
    </Filter>
    <Filter Include="GameData\Scripts">
      <UniqueIdentifier>{4c3b4941-db77-4b6d-be75-068cc36942bd}</UniqueIdentifier>
    </Filter>
    <Filter Include="GameData\Shapes">
      <UniqueIdentifier>{3b7ffecb-661a-4994-91e8-e86cf0c27df8}</UniqueIdentifier>
    </Filter>
    <Filter Include="GameData\Sounds">
      <UniqueIdentifier>{b711a11b-34f8-4a90-99d6-6a91dfcd47d3}</UniqueIdentifier>
    </Filter>
    <Filter Include="GameData\Sprites">
      <UniqueIdentifier>{b70063e3-4f15-412d-908c-8ea812c14326}</UniqueIdentifier>
    </Filter>
    <Filter Include="GameData\Terrain">
      <UniqueIdentifier>{23dc7569-3e17-4bd5-b425-1bd93a3ba8f4}</UniqueIdentifier>
    </Filter>
    <Filter Include="GameData\Textures">
      <UniqueIdentifier>{96660f23-8242-4459-8e57-3debc48e1ae1}</UniqueIdentifier>
    </Filter>
    <Filter Include="GameData\Input\Keyboards">
      <UniqueIdentifier>{072fbce6-ac56-4570-9cf3-850a189aa12a}</UniqueIdentifier>
    </Filter>
  </ItemGroup>
  <ItemGroup>
    <Text Include="..\GameData\betatesters.txt">
      <Filter>GameData</Filter>
    </Text>
    <Text Include="..\GameData\DefaultPreferences.txt">
      <Filter>GameData</Filter>
    </Text>
    <Text Include="..\GameData\Effects.txt">
      <Filter>GameData</Filter>
    </Text>
    <Text Include="..\GameData\EGames.txt">
      <Filter>GameData</Filter>
    </Text>
    <Text Include="..\GameData\Game.txt">
      <Filter>GameData</Filter>
    </Text>
    <Text Include="..\GameData\game_demo.txt">
      <Filter>GameData</Filter>
    </Text>
    <Text Include="..\GameData\game_demo2.txt">
      <Filter>GameData</Filter>
    </Text>
    <Text Include="..\GameData\GameUnlockAll.txt">
      <Filter>GameData</Filter>
    </Text>
    <Text Include="..\GameData\gestures.txt">
      <Filter>GameData</Filter>
    </Text>
    <Text Include="..\GameData\Locations.txt">
      <Filter>GameData</Filter>
    </Text>
    <Text Include="..\GameData\Sounds.txt">
      <Filter>GameData</Filter>
    </Text>
    <Text Include="..\GameData\Stats.txt">
      <Filter>GameData</Filter>
    </Text>
    <Text Include="..\GameData\Input\InputPreferences.txt">
      <Filter>GameData\Input</Filter>
    </Text>
    <Text Include="..\GameData\Input\Locales.txt">
      <Filter>GameData\Input</Filter>
    </Text>
    <Text Include="..\GameData\Input\Keyboards\de_DE.txt">
      <Filter>GameData\Input\Keyboards</Filter>
    </Text>
    <Text Include="..\GameData\Input\Keyboards\fr_FR.txt">
      <Filter>GameData\Input\Keyboards</Filter>
    </Text>
    <Text Include="..\GameData\Language\English.txt">
      <Filter>GameData\Language</Filter>
    </Text>
    <Text Include="..\GameData\Language\French.txt">
      <Filter>GameData\Language</Filter>
    </Text>
    <Text Include="..\GameData\Language\German.txt">
      <Filter>GameData\Language</Filter>
    </Text>
    <Text Include="..\GameData\Language\Italian.txt">
      <Filter>GameData\Language</Filter>
    </Text>
    <Text Include="..\GameData\Language\Russian.txt">
      <Filter>GameData\Language</Filter>
    </Text>
    <Text Include="..\GameData\Language\Spanish.txt">
      <Filter>GameData\Language</Filter>
    </Text>
    <Text Include="..\GameData\Levels\MapBiosphere.txt">
      <Filter>GameData\Levels</Filter>
    </Text>
    <Text Include="..\GameData\Levels\MapContainment.txt">
      <Filter>GameData\Levels</Filter>
    </Text>
    <Text Include="..\GameData\Levels\MapEscort.txt">
      <Filter>GameData\Levels</Filter>
    </Text>
    <Text Include="..\GameData\Levels\MapGarden.txt">
      <Filter>GameData\Levels</Filter>
    </Text>
    <Text Include="..\GameData\Levels\MapGenerator.txt">
      <Filter>GameData\Levels</Filter>
    </Text>
    <Text Include="..\GameData\Levels\MapLaunchpad.txt">
      <Filter>GameData\Levels</Filter>
    </Text>
    <Text Include="..\GameData\Levels\MapMine.txt">
      <Filter>GameData\Levels</Filter>
    </Text>
    <Text Include="..\GameData\Levels\MapPatternBuffer.txt">
      <Filter>GameData\Levels</Filter>
    </Text>
    <Text Include="..\GameData\Levels\MapReceiver.txt">
      <Filter>GameData\Levels</Filter>
    </Text>
    <Text Include="..\GameData\Levels\MapSandbox.txt">
      <Filter>GameData\Levels</Filter>
    </Text>
    <Text Include="..\GameData\Levels\MapTemple.txt">
      <Filter>GameData\Levels</Filter>
    </Text>
    <Text Include="..\GameData\Levels\MapYard.txt">
      <Filter>GameData\Levels</Filter>
    </Text>
    <Text Include="..\GameData\Levels\MissionBiosphereAttract.txt">
      <Filter>GameData\Levels</Filter>
    </Text>
    <Text Include="..\GameData\Levels\MissionBiosphereRecapture.txt">
      <Filter>GameData\Levels</Filter>
    </Text>
    <Text Include="..\GameData\Levels\MissionContainmentEnable.txt">
      <Filter>GameData\Levels</Filter>
    </Text>
    <Text Include="..\GameData\Levels\MissionEscortEscort.txt">
      <Filter>GameData\Levels</Filter>
    </Text>
    <Text Include="..\GameData\Levels\MissionGardenLiberate.txt">
      <Filter>GameData\Levels</Filter>
    </Text>
    <Text Include="..\GameData\Levels\MissionGeneratorEnable.txt">
      <Filter>GameData\Levels</Filter>
    </Text>
    <Text Include="..\GameData\Levels\MissionLaunchpad.txt">
      <Filter>GameData\Levels</Filter>
    </Text>
    <Text Include="..\GameData\Levels\MissionMineAttract.txt">
      <Filter>GameData\Levels</Filter>
    </Text>
    <Text Include="..\GameData\Levels\MissionMineDemo.txt">
      <Filter>GameData\Levels</Filter>
    </Text>
    <Text Include="..\GameData\Levels\MissionMineEnable.txt">
      <Filter>GameData\Levels</Filter>
    </Text>
    <Text Include="..\GameData\Levels\MissionPatternBufferAttract.txt">
      <Filter>GameData\Levels</Filter>
    </Text>
    <Text Include="..\GameData\Levels\MissionPatternBufferRecapture.txt">
      <Filter>GameData\Levels</Filter>
    </Text>
    <Text Include="..\GameData\Levels\MissionReceiverRecapture.txt">
      <Filter>GameData\Levels</Filter>
    </Text>
    <Text Include="..\GameData\Levels\MissionSandboxTutorial.txt">
      <Filter>GameData\Levels</Filter>
    </Text>
    <Text Include="..\GameData\Levels\MissionTempleCutscene.txt">
      <Filter>GameData\Levels</Filter>
    </Text>
    <Text Include="..\GameData\Levels\MissionTempleRecapture.txt">
      <Filter>GameData\Levels</Filter>
    </Text>
    <Text Include="..\GameData\Levels\MissionYardEnable.txt">
      <Filter>GameData\Levels</Filter>
    </Text>
    <Text Include="..\GameData\Scripts\AttractMode.txt">
      <Filter>GameData\Scripts</Filter>
    </Text>
    <Text Include="..\GameData\Scripts\BiosphereIntro.txt">
      <Filter>GameData\Scripts</Filter>
    </Text>
    <Text Include="..\GameData\Scripts\BiosphereAlphaPrimary.txt">
      <Filter>GameData\Scripts</Filter>
    </Text>
    <Text Include="..\GameData\Scripts\ContainmentEnd.txt">
      <Filter>GameData\Scripts</Filter>
    </Text>
    <Text Include="..\GameData\Scripts\ContainmentIntro.txt">
      <Filter>GameData\Scripts</Filter>
    </Text>
    <Text Include="..\GameData\Scripts\ContainmentOfficer.txt">
      <Filter>GameData\Scripts</Filter>
    </Text>
    <Text Include="..\GameData\Scripts\ContainmentPrimary1.txt">
      <Filter>GameData\Scripts</Filter>
    </Text>
    <Text Include="..\GameData\Scripts\EndAttract.txt">
      <Filter>GameData\Scripts</Filter>
    </Text>
    <Text Include="..\GameData\Scripts\GameOver.txt">
      <Filter>GameData\Scripts</Filter>
    </Text>
    <Text Include="..\GameData\Scripts\GameStart.txt">
      <Filter>GameData\Scripts</Filter>
    </Text>
    <Text Include="..\GameData\Scripts\GardenIntro.txt">
      <Filter>GameData\Scripts</Filter>
    </Text>
    <Text Include="..\GameData\Scripts\GardenOpenTrunkPort.txt">
      <Filter>GameData\Scripts</Filter>
    </Text>
    <Text Include="..\GameData\Scripts\GeneratorPrimary1.txt">
      <Filter>GameData\Scripts</Filter>
    </Text>
    <Text Include="..\GameData\Scripts\LaunchpadFinalIsland.txt">
      <Filter>GameData\Scripts</Filter>
    </Text>
    <Text Include="..\GameData\Scripts\LaunchpadIntro.txt">
      <Filter>GameData\Scripts</Filter>
    </Text>
    <Text Include="..\GameData\Scripts\LaunchpadPrimaryRocket.txt">
      <Filter>GameData\Scripts</Filter>
    </Text>
    <Text Include="..\GameData\Scripts\LaunchpadPrimary1.txt">
      <Filter>GameData\Scripts</Filter>
    </Text>
    <Text Include="..\GameData\Scripts\LaunchpadPrimary2.txt">
      <Filter>GameData\Scripts</Filter>
    </Text>
    <Text Include="..\GameData\Scripts\LaunchpadPrimary3.txt">
      <Filter>GameData\Scripts</Filter>
    </Text>
    <Text Include="..\GameData\Scripts\LaunchpadPurpose.txt">
      <Filter>GameData\Scripts</Filter>
    </Text>
    <Text Include="..\GameData\Scripts\LaunchpadVictory.txt">
      <Filter>GameData\Scripts</Filter>
    </Text>
    <Text Include="..\GameData\Scripts\MineDemoIntro.txt">
      <Filter>GameData\Scripts</Filter>
    </Text>
    <Text Include="..\GameData\Scripts\MineMineHelp.txt">
      <Filter>GameData\Scripts</Filter>
    </Text>
    <Text Include="..\GameData\Scripts\MinePrimary1.txt">
      <Filter>GameData\Scripts</Filter>
    </Text>
    <Text Include="..\GameData\Scripts\MinePrimary2.txt">
      <Filter>GameData\Scripts</Filter>
    </Text>
    <Text Include="..\GameData\Scripts\Music1.txt">
      <Filter>GameData\Scripts</Filter>
    </Text>
    <Text Include="..\GameData\Scripts\Music2.txt">
      <Filter>GameData\Scripts</Filter>
    </Text>
    <Text Include="..\GameData\Scripts\Music3.txt">
      <Filter>GameData\Scripts</Filter>
    </Text>
    <Text Include="..\GameData\Scripts\Music4.txt">
      <Filter>GameData\Scripts</Filter>
    </Text>
    <Text Include="..\GameData\Scripts\Music5.txt">
      <Filter>GameData\Scripts</Filter>
    </Text>
    <Text Include="..\GameData\Scripts\PatternBufferPrimary1.txt">
      <Filter>GameData\Scripts</Filter>
    </Text>
    <Text Include="..\GameData\Scripts\PatternBufferPrimary2.txt">
      <Filter>GameData\Scripts</Filter>
    </Text>
    <Text Include="..\GameData\Scripts\ReceiverPrimary1.txt">
      <Filter>GameData\Scripts</Filter>
    </Text>
    <Text Include="..\GameData\Scripts\ReceiverPrimary2.txt">
      <Filter>GameData\Scripts</Filter>
    </Text>
    <Text Include="..\GameData\Scripts\TempleIntro.txt">
      <Filter>GameData\Scripts</Filter>
    </Text>
    <Text Include="..\GameData\Scripts\TemplePrimary.txt">
      <Filter>GameData\Scripts</Filter>
    </Text>
    <Text Include="..\GameData\Scripts\YardArmour.txt">
      <Filter>GameData\Scripts</Filter>
    </Text>
    <Text Include="..\GameData\Scripts\YardEnd.txt">
      <Filter>GameData\Scripts</Filter>
    </Text>
    <Text Include="..\GameData\Scripts\YardIntro.txt">
      <Filter>GameData\Scripts</Filter>
    </Text>
    <Text Include="..\GameData\Scripts\YardPrimary1.txt">
      <Filter>GameData\Scripts</Filter>
    </Text>
    <Text Include="..\GameData\Scripts\YardPrimary2.txt">
      <Filter>GameData\Scripts</Filter>
    </Text>
    <Text Include="..\GameData\Scripts\YardPrimary3.txt">
      <Filter>GameData\Scripts</Filter>
    </Text>
  </ItemGroup>
  <ItemGroup>
    <Image Include="..\GameData\Icons\Background.bmp">
      <Filter>GameData\Icons</Filter>
    </Image>
    <Image Include="..\GameData\Icons\BannerAbsorb.bmp">
      <Filter>GameData\Icons</Filter>
    </Image>
    <Image Include="..\GameData\Icons\BannerDeploy.bmp">
      <Filter>GameData\Icons</Filter>
    </Image>
    <Image Include="..\GameData\Icons\BannerFollow.bmp">
      <Filter>GameData\Icons</Filter>
    </Image>
    <Image Include="..\GameData\Icons\BannerGoto.bmp">
      <Filter>GameData\Icons</Filter>
    </Image>
    <Image Include="..\GameData\Icons\BannerNone.bmp">
      <Filter>GameData\Icons</Filter>
    </Image>
    <Image Include="..\GameData\Icons\BannerUnload.bmp">
      <Filter>GameData\Icons</Filter>
    </Image>
    <Image Include="..\GameData\Icons\ButtonA.bmp">
      <Filter>GameData\Icons</Filter>
    </Image>
    <Image Include="..\GameData\Icons\ButtonAbxyShadow.bmp">
      <Filter>GameData\Icons</Filter>
    </Image>
    <Image Include="..\GameData\Icons\ButtonB.bmp">
      <Filter>GameData\Icons</Filter>
    </Image>
    <Image Include="..\GameData\Icons\ButtonControlShadow.bmp">
      <Filter>GameData\Icons</Filter>
    </Image>
    <Image Include="..\GameData\Icons\ButtonDpad.bmp">
      <Filter>GameData\Icons</Filter>
    </Image>
    <Image Include="..\GameData\Icons\ButtonDpadLr.bmp">
      <Filter>GameData\Icons</Filter>
    </Image>
    <Image Include="..\GameData\Icons\ButtonLa.bmp">
      <Filter>GameData\Icons</Filter>
    </Image>
    <Image Include="..\GameData\Icons\ButtonLb.bmp">
      <Filter>GameData\Icons</Filter>
    </Image>
    <Image Include="..\GameData\Icons\ButtonLbRb.bmp">
      <Filter>GameData\Icons</Filter>
    </Image>
    <Image Include="..\GameData\Icons\ButtonLbShadow.bmp">
      <Filter>GameData\Icons</Filter>
    </Image>
    <Image Include="..\GameData\Icons\ButtonLt.bmp">
      <Filter>GameData\Icons</Filter>
    </Image>
    <Image Include="..\GameData\Icons\ButtonLtRa.bmp">
      <Filter>GameData\Icons</Filter>
    </Image>
    <Image Include="..\GameData\Icons\ButtonRa.bmp">
      <Filter>GameData\Icons</Filter>
    </Image>
    <Image Include="..\GameData\Icons\ButtonRb.bmp">
      <Filter>GameData\Icons</Filter>
    </Image>
    <Image Include="..\GameData\Icons\ButtonRbShadow.bmp">
      <Filter>GameData\Icons</Filter>
    </Image>
    <Image Include="..\GameData\Icons\ButtonRt.bmp">
      <Filter>GameData\Icons</Filter>
    </Image>
    <Image Include="..\GameData\Icons\ButtonRtRa.bmp">
      <Filter>GameData\Icons</Filter>
    </Image>
    <Image Include="..\GameData\Icons\ButtonShadow.bmp">
      <Filter>GameData\Icons</Filter>
    </Image>
    <Image Include="..\GameData\Icons\ButtonTriggerShadow.bmp">
      <Filter>GameData\Icons</Filter>
    </Image>
    <Image Include="..\GameData\Icons\ButtonX.bmp">
      <Filter>GameData\Icons</Filter>
    </Image>
    <Image Include="..\GameData\Icons\ButtonY.bmp">
      <Filter>GameData\Icons</Filter>
    </Image>
    <Image Include="..\GameData\Icons\Compass.bmp">
      <Filter>GameData\Icons</Filter>
    </Image>
    <Image Include="..\GameData\Icons\DarwinResearchAssociates.bmp">
      <Filter>GameData\Icons</Filter>
    </Image>
    <Image Include="..\GameData\Icons\GestureAirStrike.bmp">
      <Filter>GameData\Icons</Filter>
    </Image>
    <Image Include="..\GameData\Icons\GestureAlpha.bmp">
      <Filter>GameData\Icons</Filter>
    </Image>
    <Image Include="..\GameData\Icons\GestureArmour.bmp">
      <Filter>GameData\Icons</Filter>
    </Image>
    <Image Include="..\GameData\Icons\GestureController.bmp">
      <Filter>GameData\Icons</Filter>
    </Image>
    <Image Include="..\GameData\Icons\GestureEngineer.bmp">
      <Filter>GameData\Icons</Filter>
    </Image>
    <Image Include="..\GameData\Icons\GestureGrenade.bmp">
      <Filter>GameData\Icons</Filter>
    </Image>
    <Image Include="..\GameData\Icons\GestureOfficer.bmp">
      <Filter>GameData\Icons</Filter>
    </Image>
    <Image Include="..\GameData\Icons\GestureRocket.bmp">
      <Filter>GameData\Icons</Filter>
    </Image>
    <Image Include="..\GameData\Icons\GestureSquad.bmp">
      <Filter>GameData\Icons</Filter>
    </Image>
    <Image Include="..\GameData\Icons\GestureGuide.bmp">
      <Filter>GameData\Icons</Filter>
    </Image>
    <Image Include="..\GameData\Icons\IconAirStrike.bmp">
      <Filter>GameData\Icons</Filter>
    </Image>
    <Image Include="..\GameData\Icons\IconArmour.bmp">
      <Filter>GameData\Icons</Filter>
    </Image>
    <Image Include="..\GameData\Icons\IconController.bmp">
      <Filter>GameData\Icons</Filter>
    </Image>
    <Image Include="..\GameData\Icons\IconDarwinian.bmp">
      <Filter>GameData\Icons</Filter>
    </Image>
    <Image Include="..\GameData\Icons\IconDelete.bmp">
      <Filter>GameData\Icons</Filter>
    </Image>
    <Image Include="..\GameData\Icons\IconEngineer.bmp">
      <Filter>GameData\Icons</Filter>
    </Image>
    <Image Include="..\GameData\Icons\IconGrenade.bmp">
      <Filter>GameData\Icons</Filter>
    </Image>
    <Image Include="..\GameData\Icons\IconLaser.bmp">
      <Filter>GameData\Icons</Filter>
    </Image>
    <Image Include="..\GameData\Icons\IconNoTask.bmp">
      <Filter>GameData\Icons</Filter>
    </Image>
    <Image Include="..\GameData\Icons\IconOfficer.bmp">
      <Filter>GameData\Icons</Filter>
    </Image>
    <Image Include="..\GameData\Icons\IconRocket.bmp">
      <Filter>GameData\Icons</Filter>
    </Image>
    <Image Include="..\GameData\Icons\IconShadow.bmp">
      <Filter>GameData\Icons</Filter>
    </Image>
    <Image Include="..\GameData\Icons\IconSquad.bmp">
      <Filter>GameData\Icons</Filter>
    </Image>
    <Image Include="..\GameData\Icons\IconTaskManager.bmp">
      <Filter>GameData\Icons</Filter>
    </Image>
    <Image Include="..\GameData\Icons\IconTemplate.bmp">
      <Filter>GameData\Icons</Filter>
    </Image>
    <Image Include="..\GameData\Icons\Mouse3dPosition.bmp">
      <Filter>GameData\Icons</Filter>
    </Image>
    <Image Include="..\GameData\Icons\MouseDisabled.bmp">
      <Filter>GameData\Icons</Filter>
    </Image>
    <Image Include="..\GameData\Icons\MouseHighlight.bmp">
      <Filter>GameData\Icons</Filter>
    </Image>
    <Image Include="..\GameData\Icons\MouseMain.bmp">
      <Filter>GameData\Icons</Filter>
    </Image>
    <Image Include="..\GameData\Icons\MouseMissileTarget.bmp">
      <Filter>GameData\Icons</Filter>
    </Image>
    <Image Include="..\GameData\Icons\MouseMoveHere.bmp">
      <Filter>GameData\Icons</Filter>
    </Image>
    <Image Include="..\GameData\Icons\MousePlacement.bmp">
      <Filter>GameData\Icons</Filter>
    </Image>
    <Image Include="..\GameData\Icons\MouseSelection.bmp">
      <Filter>GameData\Icons</Filter>
    </Image>
    <Image Include="..\GameData\Icons\MouseTurretTarget.bmp">
      <Filter>GameData\Icons</Filter>
    </Image>
    <Image Include="..\GameData\Icons\ScrollBar.bmp">
      <Filter>GameData\Icons</Filter>
    </Image>
    <Image Include="..\GameData\Icons\SelectionArrow.bmp">
      <Filter>GameData\Icons</Filter>
    </Image>
    <Image Include="..\GameData\Textures\Campaign.bmp">
      <Filter>GameData\Textures</Filter>
    </Image>
    <Image Include="..\GameData\Textures\Clouds.bmp">
      <Filter>GameData\Textures</Filter>
    </Image>
    <Image Include="..\GameData\Textures\CloudyGlow.bmp">
      <Filter>GameData\Textures</Filter>
    </Image>
    <Image Include="..\GameData\Textures\Deform1c.bmp">
      <Filter>GameData\Textures</Filter>
    </Image>
    <Image Include="..\GameData\Textures\Deform36c.bmp">
      <Filter>GameData\Textures</Filter>
    </Image>
    <Image Include="..\GameData\Textures\DmaCrew.bmp">
      <Filter>GameData\Textures</Filter>
    </Image>
    <Image Include="..\GameData\Textures\EditorFont.bmp">
      <Filter>GameData\Textures</Filter>
    </Image>
    <Image Include="..\GameData\Textures\EditorFontFrench.bmp">
      <Filter>GameData\Textures</Filter>
    </Image>
    <Image Include="..\GameData\Textures\EditorFontGerman.bmp">
      <Filter>GameData\Textures</Filter>
    </Image>
    <Image Include="..\GameData\Textures\EditorFontItalian.bmp">
      <Filter>GameData\Textures</Filter>
    </Image>
    <Image Include="..\GameData\Textures\EditorFontNormal.bmp">
      <Filter>GameData\Textures</Filter>
    </Image>
    <Image Include="..\GameData\Textures\EditorFontRussian.bmp">
      <Filter>GameData\Textures</Filter>
    </Image>
    <Image Include="..\GameData\Textures\Fuel.bmp">
      <Filter>GameData\Textures</Filter>
    </Image>
    <Image Include="..\GameData\Textures\Glow.bmp">
      <Filter>GameData\Textures</Filter>
    </Image>
    <Image Include="..\GameData\Textures\GodRay.bmp">
      <Filter>GameData\Textures</Filter>
    </Image>
    <Image Include="..\GameData\Textures\InterfaceDivider.bmp">
      <Filter>GameData\Textures</Filter>
    </Image>
    <Image Include="..\GameData\Textures\InterfaceGrey.bmp">
      <Filter>GameData\Textures</Filter>
    </Image>
    <Image Include="..\GameData\Textures\InterfaceRed.bmp">
      <Filter>GameData\Textures</Filter>
    </Image>
    <Image Include="..\GameData\Textures\IvLogo.bmp">
      <Filter>GameData\Textures</Filter>
    </Image>
    <Image Include="..\GameData\Textures\Laser.bmp">
      <Filter>GameData\Textures</Filter>
    </Image>
    <Image Include="..\GameData\Textures\LaserFence.bmp">
      <Filter>GameData\Textures</Filter>
    </Image>
    <Image Include="..\GameData\Textures\LaserFence2.bmp">
      <Filter>GameData\Textures</Filter>
    </Image>
    <Image Include="..\GameData\Textures\MsnOberonComboSplash.bmp">
      <Filter>GameData\Textures</Filter>
    </Image>
    <Image Include="..\GameData\Textures\MuzzleFlash.bmp">
      <Filter>GameData\Textures</Filter>
    </Image>
    <Image Include="..\GameData\Textures\Particle.bmp">
      <Filter>GameData\Textures</Filter>
    </Image>
    <Image Include="..\GameData\Textures\ProgramDarwinia.bmp">
      <Filter>GameData\Textures</Filter>
    </Image>
    <Image Include="..\GameData\Textures\Prologue.bmp">
      <Filter>GameData\Textures</Filter>
    </Image>
    <Image Include="..\GameData\Textures\RadarSignal.bmp">
      <Filter>GameData\Textures</Filter>
    </Image>
    <Image Include="..\GameData\Textures\ShapeWireframe.bmp">
      <Filter>GameData\Textures</Filter>
    </Image>
    <Image Include="..\GameData\Textures\SkyWireframe.bmp">
      <Filter>GameData\Textures</Filter>
    </Image>
    <Image Include="..\GameData\Textures\SpeccyFontFrench.bmp">
      <Filter>GameData\Textures</Filter>
    </Image>
    <Image Include="..\GameData\Textures\SpeccyFontItalian.bmp">
      <Filter>GameData\Textures</Filter>
    </Image>
    <Image Include="..\GameData\Textures\SpeccyFontNormal.bmp">
      <Filter>GameData\Textures</Filter>
    </Image>
    <Image Include="..\GameData\Textures\SpeccyFontRussian.bmp">
      <Filter>GameData\Textures</Filter>
    </Image>
    <Image Include="..\GameData\Textures\SpeccyScreen.bmp">
      <Filter>GameData\Textures</Filter>
    </Image>
    <Image Include="..\GameData\Textures\Starburst.bmp">
      <Filter>GameData\Textures</Filter>
    </Image>
    <Image Include="..\GameData\Textures\TriangleOutline.bmp">
      <Filter>GameData\Textures</Filter>
    </Image>
    <Image Include="..\GameData\Terrain\LandscapeContainment.bmp">
      <Filter>GameData\Terrain</Filter>
    </Image>
    <Image Include="..\GameData\Terrain\LandscapeDefault.bmp">
      <Filter>GameData\Terrain</Filter>
    </Image>
    <Image Include="..\GameData\Terrain\LandscapeDesert.bmp">
      <Filter>GameData\Terrain</Filter>
    </Image>
    <Image Include="..\GameData\Terrain\LandscapeEarth.bmp">
      <Filter>GameData\Terrain</Filter>
    </Image>
    <Image Include="..\GameData\Terrain\LandscapeIcecaps.bmp">
      <Filter>GameData\Terrain</Filter>
    </Image>
    <Image Include="..\GameData\Terrain\LandscapeLaunchpad.bmp">
      <Filter>GameData\Terrain</Filter>
    </Image>
    <Image Include="..\GameData\Terrain\LandscapeMine.bmp">
      <Filter>GameData\Terrain</Filter>
    </Image>
    <Image Include="..\GameData\Terrain\LandscapeMine2.bmp">
      <Filter>GameData\Terrain</Filter>
    </Image>
    <Image Include="..\GameData\Terrain\WaterDefault.bmp">
      <Filter>GameData\Terrain</Filter>
    </Image>
    <Image Include="..\GameData\Terrain\WaterIcecaps.bmp">
      <Filter>GameData\Terrain</Filter>
    </Image>
    <Image Include="..\GameData\Terrain\WaterLaunchpad.bmp">
      <Filter>GameData\Terrain</Filter>
    </Image>
    <Image Include="..\GameData\Terrain\WavesContainmentField.bmp">
      <Filter>GameData\Terrain</Filter>
    </Image>
    <Image Include="..\GameData\Terrain\WavesDefault.bmp">
      <Filter>GameData\Terrain</Filter>
    </Image>
    <Image Include="..\GameData\Terrain\WavesDesert.bmp">
      <Filter>GameData\Terrain</Filter>
    </Image>
    <Image Include="..\GameData\Terrain\WavesEarth.bmp">
      <Filter>GameData\Terrain</Filter>
    </Image>
    <Image Include="..\GameData\Terrain\WavesGenerator.bmp">
      <Filter>GameData\Terrain</Filter>
    </Image>
    <Image Include="..\GameData\Terrain\WavesIcecaps.bmp">
      <Filter>GameData\Terrain</Filter>
    </Image>
    <Image Include="..\GameData\Terrain\WavesLaunchpad.bmp">
      <Filter>GameData\Terrain</Filter>
    </Image>
    <Image Include="..\GameData\Sprites\Darwinian.bmp">
      <Filter>GameData\Sprites</Filter>
    </Image>
    <Image Include="..\GameData\Sprites\Egg.bmp">
      <Filter>GameData\Sprites</Filter>
    </Image>
    <Image Include="..\GameData\Sprites\Ghost.bmp">
      <Filter>GameData\Sprites</Filter>
    </Image>
    <Image Include="..\GameData\Sprites\LaserTrooper.bmp">
      <Filter>GameData\Sprites</Filter>
    </Image>
    <Image Include="..\GameData\Sprites\SantaHat.bmp">
      <Filter>GameData\Sprites</Filter>
    </Image>
    <Image Include="..\GameData\Sprites\Sound.bmp">
      <Filter>GameData\Sprites</Filter>
    </Image>
    <Image Include="..\GameData\Sprites\Virii.bmp">
      <Filter>GameData\Sprites</Filter>
    </Image>
  </ItemGroup>
  <ItemGroup>
    <None Include="..\GameData\Icons\BannerTemplate.psp">
      <Filter>GameData\Icons</Filter>
    </None>
    <None Include="..\GameData\Shapes\AiTarget.shp">
      <Filter>GameData\Shapes</Filter>
    </None>
    <None Include="..\GameData\Shapes\AntHill.shp">
      <Filter>GameData\Shapes</Filter>
    </None>
    <None Include="..\GameData\Shapes\Ark.shp">
      <Filter>GameData\Shapes</Filter>
    </None>
    <None Include="..\GameData\Shapes\Armour.shp">
      <Filter>GameData\Shapes</Filter>
    </None>
    <None Include="..\GameData\Shapes\ArmyAnt.shp">
      <Filter>GameData\Shapes</Filter>
    </None>
    <None Include="..\GameData\Shapes\ArmyAnt2.shp">
      <Filter>GameData\Shapes</Filter>
    </None>
    <None Include="..\GameData\Shapes\ArmyAnt3.shp">
      <Filter>GameData\Shapes</Filter>
    </None>
    <None Include="..\GameData\Shapes\BattleCannonBarrel.shp">
      <Filter>GameData\Shapes</Filter>
    </None>
    <None Include="..\GameData\Shapes\BattleCannonBase.shp">
      <Filter>GameData\Shapes</Filter>
    </None>
    <None Include="..\GameData\Shapes\BattleCannonFull.shp">
      <Filter>GameData\Shapes</Filter>
    </None>
    <None Include="..\GameData\Shapes\BattleCannonTurret.shp">
      <Filter>GameData\Shapes</Filter>
    </None>
    <None Include="..\GameData\Shapes\BlueprintConsole.shp">
      <Filter>GameData\Shapes</Filter>
    </None>
    <None Include="..\GameData\Shapes\BlueprintRelay.shp">
      <Filter>GameData\Shapes</Filter>
    </None>
    <None Include="..\GameData\Shapes\BlueprintStore.shp">
      <Filter>GameData\Shapes</Filter>
    </None>
    <None Include="..\GameData\Shapes\BoxKite.shp">
      <Filter>GameData\Shapes</Filter>
    </None>
    <None Include="..\GameData\Shapes\BridgeEnd.shp">
      <Filter>GameData\Shapes</Filter>
    </None>
    <None Include="..\GameData\Shapes\BridgeTower.shp">
      <Filter>GameData\Shapes</Filter>
    </None>
    <None Include="..\GameData\Shapes\Camera.shp">
      <Filter>GameData\Shapes</Filter>
    </None>
    <None Include="..\GameData\Shapes\Cave.shp">
      <Filter>GameData\Shapes</Filter>
    </None>
    <None Include="..\GameData\Shapes\Centipede.shp">
      <Filter>GameData\Shapes</Filter>
    </None>
    <None Include="..\GameData\Shapes\CentipedeHead.shp">
      <Filter>GameData\Shapes</Filter>
    </None>
    <None Include="..\GameData\Shapes\ConstructionYard.shp">
      <Filter>GameData\Shapes</Filter>
    </None>
    <None Include="..\GameData\Shapes\ConstructionYardRung.shp">
      <Filter>GameData\Shapes</Filter>
    </None>
    <None Include="..\GameData\Shapes\ControlPad.shp">
      <Filter>GameData\Shapes</Filter>
    </None>
    <None Include="..\GameData\Shapes\ControlTower.shp">
      <Filter>GameData\Shapes</Filter>
    </None>
    <None Include="..\GameData\Shapes\ControlTowerDish.shp">
      <Filter>GameData\Shapes</Filter>
    </None>
    <None Include="..\GameData\Shapes\Darwinian.shp">
      <Filter>GameData\Shapes</Filter>
    </None>
    <None Include="..\GameData\Shapes\DisplayScreen.shp">
      <Filter>GameData\Shapes</Filter>
    </None>
    <None Include="..\GameData\Shapes\Engineer.shp">
      <Filter>GameData\Shapes</Filter>
    </None>
    <None Include="..\GameData\Shapes\Factory.shp">
      <Filter>GameData\Shapes</Filter>
    </None>
    <None Include="..\GameData\Shapes\FeedingTube.shp">
      <Filter>GameData\Shapes</Filter>
    </None>
    <None Include="..\GameData\Shapes\FenceSwitch.shp">
      <Filter>GameData\Shapes</Filter>
    </None>
    <None Include="..\GameData\Shapes\FieldGun.shp">
      <Filter>GameData\Shapes</Filter>
    </None>
    <None Include="..\GameData\Shapes\FieldGunShell.shp">
      <Filter>GameData\Shapes</Filter>
    </None>
    <None Include="..\GameData\Shapes\FlyingEgg.shp">
      <Filter>GameData\Shapes</Filter>
    </None>
    <None Include="..\GameData\Shapes\FuelGenerator.shp">
      <Filter>GameData\Shapes</Filter>
    </None>
    <None Include="..\GameData\Shapes\FuelGeneratorPump.shp">
      <Filter>GameData\Shapes</Filter>
    </None>
    <None Include="..\GameData\Shapes\FuelPipe.shp">
      <Filter>GameData\Shapes</Filter>
    </None>
    <None Include="..\GameData\Shapes\FuelPipeBase.shp">
      <Filter>GameData\Shapes</Filter>
    </None>
    <None Include="..\GameData\Shapes\FuelStation.shp">
      <Filter>GameData\Shapes</Filter>
    </None>
    <None Include="..\GameData\Shapes\GarbageCollector.shp">
      <Filter>GameData\Shapes</Filter>
    </None>
    <None Include="..\GameData\Shapes\Generator.shp">
      <Filter>GameData\Shapes</Filter>
    </None>
    <None Include="..\GameData\Shapes\GlobalWorldInner.shp">
      <Filter>GameData\Shapes</Filter>
    </None>
    <None Include="..\GameData\Shapes\GlobalWorldMiddle.shp">
      <Filter>GameData\Shapes</Filter>
    </None>
    <None Include="..\GameData\Shapes\GlobalWorldOuter.shp">
      <Filter>GameData\Shapes</Filter>
    </None>
    <None Include="..\GameData\Shapes\GodDish.shp">
      <Filter>GameData\Shapes</Filter>
    </None>
    <None Include="..\GameData\Shapes\GoldenScroll.shp">
      <Filter>GameData\Shapes</Filter>
    </None>
    <None Include="..\GameData\Shapes\GunTurret.shp">
      <Filter>GameData\Shapes</Filter>
    </None>
    <None Include="..\GameData\Shapes\Help.shp">
      <Filter>GameData\Shapes</Filter>
    </None>
    <None Include="..\GameData\Shapes\Incubator.shp">
      <Filter>GameData\Shapes</Filter>
    </None>
    <None Include="..\GameData\Shapes\Lander.shp">
      <Filter>GameData\Shapes</Filter>
    </None>
    <None Include="..\GameData\Shapes\LaserTroop.shp">
      <Filter>GameData\Shapes</Filter>
    </None>
    <None Include="..\GameData\Shapes\LaserFence.shp">
      <Filter>GameData\Shapes</Filter>
    </None>
    <None Include="..\GameData\Shapes\Library.shp">
      <Filter>GameData\Shapes</Filter>
    </None>
    <None Include="..\GameData\Shapes\MasterSpawnPoint.shp">
      <Filter>GameData\Shapes</Filter>
    </None>
    <None Include="..\GameData\Shapes\Mine.shp">
      <Filter>GameData\Shapes</Filter>
    </None>
    <None Include="..\GameData\Shapes\MineCart.shp">
      <Filter>GameData\Shapes</Filter>
    </None>
    <None Include="..\GameData\Shapes\MinePolygon1.shp">
      <Filter>GameData\Shapes</Filter>
    </None>
    <None Include="..\GameData\Shapes\MinePrimitive1.shp">
      <Filter>GameData\Shapes</Filter>
    </None>
    <None Include="..\GameData\Shapes\Missile.shp">
      <Filter>GameData\Shapes</Filter>
    </None>
    <None Include="..\GameData\Shapes\Officer.shp">
      <Filter>GameData\Shapes</Filter>
    </None>
    <None Include="..\GameData\Shapes\Plant.shp">
      <Filter>GameData\Shapes</Filter>
    </None>
    <None Include="..\GameData\Shapes\PowerStation.shp">
      <Filter>GameData\Shapes</Filter>
    </None>
    <None Include="..\GameData\Shapes\PrimaryUpgradePort.shp">
      <Filter>GameData\Shapes</Filter>
    </None>
    <None Include="..\GameData\Shapes\Pylon.shp">
      <Filter>GameData\Shapes</Filter>
    </None>
    <None Include="..\GameData\Shapes\RadarDish.shp">
      <Filter>GameData\Shapes</Filter>
    </None>
    <None Include="..\GameData\Shapes\ReceiverLink.shp">
      <Filter>GameData\Shapes</Filter>
    </None>
    <None Include="..\GameData\Shapes\Refinery.shp">
      <Filter>GameData\Shapes</Filter>
    </None>
    <None Include="..\GameData\Shapes\ResearchItem.shp">
      <Filter>GameData\Shapes</Filter>
    </None>
    <None Include="..\GameData\Shapes\Rocket.shp">
      <Filter>GameData\Shapes</Filter>
    </None>
    <None Include="..\GameData\Shapes\RockHead.shp">
      <Filter>GameData\Shapes</Filter>
    </None>
    <None Include="..\GameData\Shapes\SolarPanel.shp">
      <Filter>GameData\Shapes</Filter>
    </None>
    <None Include="..\GameData\Shapes\SoulDestroyerHead.shp">
      <Filter>GameData\Shapes</Filter>
    </None>
    <None Include="..\GameData\Shapes\SoulDestroyerTail.shp">
      <Filter>GameData\Shapes</Filter>
    </None>
    <None Include="..\GameData\Shapes\SpaceInvader.shp">
      <Filter>GameData\Shapes</Filter>
    </None>
    <None Include="..\GameData\Shapes\Spam.shp">
      <Filter>GameData\Shapes</Filter>
    </None>
    <None Include="..\GameData\Shapes\SpawnLink.shp">
      <Filter>GameData\Shapes</Filter>
    </None>
    <None Include="..\GameData\Shapes\SpawnPoint.shp">
      <Filter>GameData\Shapes</Filter>
    </None>
    <None Include="..\GameData\Shapes\Spider.shp">
      <Filter>GameData\Shapes</Filter>
    </None>
    <None Include="..\GameData\Shapes\SpiderLegLower.shp">
      <Filter>GameData\Shapes</Filter>
    </None>
    <None Include="..\GameData\Shapes\SpiderLegPart.shp">
      <Filter>GameData\Shapes</Filter>
    </None>
    <None Include="..\GameData\Shapes\SpiderLegUpper.shp">
      <Filter>GameData\Shapes</Filter>
    </None>
    <None Include="..\GameData\Shapes\SpiritProcessor.shp">
      <Filter>GameData\Shapes</Filter>
    </None>
    <None Include="..\GameData\Shapes\SpiritReceiver.shp">
      <Filter>GameData\Shapes</Filter>
    </None>
    <None Include="..\GameData\Shapes\SpiritReceiverHead.shp">
      <Filter>GameData\Shapes</Filter>
    </None>
    <None Include="..\GameData\Shapes\SporeGenerator.shp">
      <Filter>GameData\Shapes</Filter>
    </None>
    <None Include="..\GameData\Shapes\Squad.shp">
      <Filter>GameData\Shapes</Filter>
    </None>
    <None Include="..\GameData\Shapes\TankBody.shp">
      <Filter>GameData\Shapes</Filter>
    </None>
    <None Include="..\GameData\Shapes\TankTurret.shp">
      <Filter>GameData\Shapes</Filter>
    </None>
    <None Include="..\GameData\Shapes\Temple1.shp">
      <Filter>GameData\Shapes</Filter>
    </None>
    <None Include="..\GameData\Shapes\Temple2.shp">
      <Filter>GameData\Shapes</Filter>
    </None>
    <None Include="..\GameData\Shapes\Temple3.shp">
      <Filter>GameData\Shapes</Filter>
    </None>
    <None Include="..\GameData\Shapes\Temple4.shp">
      <Filter>GameData\Shapes</Filter>
    </None>
    <None Include="..\GameData\Shapes\Throwable.shp">
      <Filter>GameData\Shapes</Filter>
    </None>
    <None Include="..\GameData\Shapes\TrackLink.shp">
      <Filter>GameData\Shapes</Filter>
    </None>
    <None Include="..\GameData\Shapes\TriffidEgg.shp">
      <Filter>GameData\Shapes</Filter>
    </None>
    <None Include="..\GameData\Shapes\TriffidHead.shp">
      <Filter>GameData\Shapes</Filter>
    </None>
    <None Include="..\GameData\Shapes\Tripod.shp">
      <Filter>GameData\Shapes</Filter>
    </None>
    <None Include="..\GameData\Shapes\TripodLegPart.shp">
      <Filter>GameData\Shapes</Filter>
    </None>
    <None Include="..\GameData\Shapes\TrunkPort.shp">
      <Filter>GameData\Shapes</Filter>
    </None>
    <None Include="..\GameData\Shapes\TurretBarrel.shp">
      <Filter>GameData\Shapes</Filter>
    </None>
    <None Include="..\GameData\Shapes\TurretBase.shp">
      <Filter>GameData\Shapes</Filter>
    </None>
    <None Include="..\GameData\Shapes\TurretShell.shp">
      <Filter>GameData\Shapes</Filter>
    </None>
    <None Include="..\GameData\Shapes\UpgradePort.shp">
      <Filter>GameData\Shapes</Filter>
    </None>
    <None Include="..\GameData\Shapes\Wall.shp">
      <Filter>GameData\Shapes</Filter>
    </None>
    <None Include="..\GameData\Shapes\Wheel.shp">
      <Filter>GameData\Shapes</Filter>
    </None>
  </ItemGroup>
</Project>